
Microsoft Visual Studio Solution File, Format Version 12.00
# Visual Studio Version 17
VisualStudioVersion = 17.4.33213.308
MinimumVisualStudioVersion = 10.0.40219.1
Project("{FAE04EC0-301F-11D3-BF4B-00C04F79EFBC}") = "FoldersSync", "FoldersSync\FoldersSync.csproj", "{27946202-3440-4D0A-B263-0C0BE54E8D70}"
EndProject
Global
	GlobalSection(SolutionConfigurationPlatforms) = preSolution
		Debug|Any CPU = Debug|Any CPU
		Release|Any CPU = Release|Any CPU
	EndGlobalSection
	GlobalSection(ProjectConfigurationPlatforms) = postSolution
		{27946202-3440-4D0A-B263-0C0BE54E8D70}.Debug|Any CPU.ActiveCfg = Debug|Any CPU
		{27946202-3440-4D0A-B263-0C0BE54E8D70}.Debug|Any CPU.Build.0 = Debug|Any CPU
		{27946202-3440-4D0A-B263-0C0BE54E8D70}.Release|Any CPU.ActiveCfg = Release|Any CPU
		{27946202-3440-4D0A-B263-0C0BE54E8D70}.Release|Any CPU.Build.0 = Release|Any CPU
	EndGlobalSection
	GlobalSection(SolutionProperties) = preSolution
		HideSolutionNode = FALSE
	EndGlobalSection
	GlobalSection(ExtensibilityGlobals) = postSolution
		SolutionGuid = {FB415958-258C-47EB-A15D-B3CF4B04A2E0}
	EndGlobalSection
EndGlobal
